
Microsoft Visual Studio Solution File, Format Version 12.00
# Visual Studio 2013
VisualStudioVersion = 12.0.31101.0
MinimumVisualStudioVersion = 10.0.40219.1
Project("{FAE04EC0-301F-11D3-BF4B-00C04F79EFBC}") = "storeEmpowerment", "storeEmpowerment\storeEmpowerment.csproj", "{2212C3D3-FE8D-4A86-807E-9F08B0789C7A}"
EndProject
Project("{FAE04EC0-301F-11D3-BF4B-00C04F79EFBC}") = "StoreEmpowerment-Automation", "StoreEmpowerment-Automation\StoreEmpowerment-Automation.csproj", "{545D361C-0854-45CF-99CC-29297D430D4D}"
EndProject
Project("{FAE04EC0-301F-11D3-BF4B-00C04F79EFBC}") = "StoreEmpowermentUnit", "StoreEmpowermentUnit\StoreEmpowermentUnit.csproj", "{F694E9B7-AEE9-4401-892F-1281AD71C008}"
EndProject
Global
	GlobalSection(SolutionConfigurationPlatforms) = preSolution
		Debug|Any CPU = Debug|Any CPU
		Debug|ARM = Debug|ARM
		Debug|Mixed Platforms = Debug|Mixed Platforms
		Debug|x86 = Debug|x86
		Release|Any CPU = Release|Any CPU
		Release|ARM = Release|ARM
		Release|Mixed Platforms = Release|Mixed Platforms
		Release|x86 = Release|x86
	EndGlobalSection
	GlobalSection(ProjectConfigurationPlatforms) = postSolution
		{2212C3D3-FE8D-4A86-807E-9F08B0789C7A}.Debug|Any CPU.ActiveCfg = Debug|Any CPU
		{2212C3D3-FE8D-4A86-807E-9F08B0789C7A}.Debug|Any CPU.Build.0 = Debug|Any CPU
		{2212C3D3-FE8D-4A86-807E-9F08B0789C7A}.Debug|Any CPU.Deploy.0 = Debug|Any CPU
		{2212C3D3-FE8D-4A86-807E-9F08B0789C7A}.Debug|ARM.ActiveCfg = Debug|ARM
		{2212C3D3-FE8D-4A86-807E-9F08B0789C7A}.Debug|ARM.Build.0 = Debug|ARM
		{2212C3D3-FE8D-4A86-807E-9F08B0789C7A}.Debug|ARM.Deploy.0 = Debug|ARM
		{2212C3D3-FE8D-4A86-807E-9F08B0789C7A}.Debug|Mixed Platforms.ActiveCfg = Debug|x86
		{2212C3D3-FE8D-4A86-807E-9F08B0789C7A}.Debug|Mixed Platforms.Build.0 = Debug|x86
		{2212C3D3-FE8D-4A86-807E-9F08B0789C7A}.Debug|Mixed Platforms.Deploy.0 = Debug|x86
		{2212C3D3-FE8D-4A86-807E-9F08B0789C7A}.Debug|x86.ActiveCfg = Debug|x86
		{2212C3D3-FE8D-4A86-807E-9F08B0789C7A}.Debug|x86.Build.0 = Debug|x86
		{2212C3D3-FE8D-4A86-807E-9F08B0789C7A}.Debug|x86.Deploy.0 = Debug|x86
		{2212C3D3-FE8D-4A86-807E-9F08B0789C7A}.Release|Any CPU.ActiveCfg = Release|Any CPU
		{2212C3D3-FE8D-4A86-807E-9F08B0789C7A}.Release|Any CPU.Build.0 = Release|Any CPU
		{2212C3D3-FE8D-4A86-807E-9F08B0789C7A}.Release|Any CPU.Deploy.0 = Release|Any CPU
		{2212C3D3-FE8D-4A86-807E-9F08B0789C7A}.Release|ARM.ActiveCfg = Release|ARM
		{2212C3D3-FE8D-4A86-807E-9F08B0789C7A}.Release|ARM.Build.0 = Release|ARM
		{2212C3D3-FE8D-4A86-807E-9F08B0789C7A}.Release|ARM.Deploy.0 = Release|ARM
		{2212C3D3-FE8D-4A86-807E-9F08B0789C7A}.Release|Mixed Platforms.ActiveCfg = Release|x86
		{2212C3D3-FE8D-4A86-807E-9F08B0789C7A}.Release|Mixed Platforms.Build.0 = Release|x86
		{2212C3D3-FE8D-4A86-807E-9F08B0789C7A}.Release|Mixed Platforms.Deploy.0 = Release|x86
		{2212C3D3-FE8D-4A86-807E-9F08B0789C7A}.Release|x86.ActiveCfg = Release|x86
		{2212C3D3-FE8D-4A86-807E-9F08B0789C7A}.Release|x86.Build.0 = Release|x86
		{2212C3D3-FE8D-4A86-807E-9F08B0789C7A}.Release|x86.Deploy.0 = Release|x86
		{545D361C-0854-45CF-99CC-29297D430D4D}.Debug|Any CPU.ActiveCfg = Debug|Any CPU
		{545D361C-0854-45CF-99CC-29297D430D4D}.Debug|Any CPU.Build.0 = Debug|Any CPU
		{545D361C-0854-45CF-99CC-29297D430D4D}.Debug|ARM.ActiveCfg = Debug|Any CPU
		{545D361C-0854-45CF-99CC-29297D430D4D}.Debug|Mixed Platforms.ActiveCfg = Debug|Any CPU
		{545D361C-0854-45CF-99CC-29297D430D4D}.Debug|Mixed Platforms.Build.0 = Debug|Any CPU
		{545D361C-0854-45CF-99CC-29297D430D4D}.Debug|x86.ActiveCfg = Debug|Any CPU
		{545D361C-0854-45CF-99CC-29297D430D4D}.Release|Any CPU.ActiveCfg = Release|Any CPU
		{545D361C-0854-45CF-99CC-29297D430D4D}.Release|Any CPU.Build.0 = Release|Any CPU
		{545D361C-0854-45CF-99CC-29297D430D4D}.Release|ARM.ActiveCfg = Release|Any CPU
		{545D361C-0854-45CF-99CC-29297D430D4D}.Release|Mixed Platforms.ActiveCfg = Release|Any CPU
		{545D361C-0854-45CF-99CC-29297D430D4D}.Release|Mixed Platforms.Build.0 = Release|Any CPU
		{545D361C-0854-45CF-99CC-29297D430D4D}.Release|x86.ActiveCfg = Release|Any CPU
		{F694E9B7-AEE9-4401-892F-1281AD71C008}.Debug|Any CPU.ActiveCfg = Debug|x86
		{F694E9B7-AEE9-4401-892F-1281AD71C008}.Debug|ARM.ActiveCfg = Debug|ARM
		{F694E9B7-AEE9-4401-892F-1281AD71C008}.Debug|ARM.Build.0 = Debug|ARM
		{F694E9B7-AEE9-4401-892F-1281AD71C008}.Debug|ARM.Deploy.0 = Debug|ARM
		{F694E9B7-AEE9-4401-892F-1281AD71C008}.Debug|Mixed Platforms.ActiveCfg = Debug|x86
		{F694E9B7-AEE9-4401-892F-1281AD71C008}.Debug|Mixed Platforms.Build.0 = Debug|x86
		{F694E9B7-AEE9-4401-892F-1281AD71C008}.Debug|Mixed Platforms.Deploy.0 = Debug|x86
		{F694E9B7-AEE9-4401-892F-1281AD71C008}.Debug|x86.ActiveCfg = Debug|x86
		{F694E9B7-AEE9-4401-892F-1281AD71C008}.Debug|x86.Build.0 = Debug|x86
		{F694E9B7-AEE9-4401-892F-1281AD71C008}.Debug|x86.Deploy.0 = Debug|x86
		{F694E9B7-AEE9-4401-892F-1281AD71C008}.Release|Any CPU.ActiveCfg = Release|x86
		{F694E9B7-AEE9-4401-892F-1281AD71C008}.Release|ARM.ActiveCfg = Release|ARM
		{F694E9B7-AEE9-4401-892F-1281AD71C008}.Release|ARM.Build.0 = Release|ARM
		{F694E9B7-AEE9-4401-892F-1281AD71C008}.Release|ARM.Deploy.0 = Release|ARM
		{F694E9B7-AEE9-4401-892F-1281AD71C008}.Release|Mixed Platforms.ActiveCfg = Release|x86
		{F694E9B7-AEE9-4401-892F-1281AD71C008}.Release|Mixed Platforms.Build.0 = Release|x86
		{F694E9B7-AEE9-4401-892F-1281AD71C008}.Release|Mixed Platforms.Deploy.0 = Release|x86
		{F694E9B7-AEE9-4401-892F-1281AD71C008}.Release|x86.ActiveCfg = Release|x86
		{F694E9B7-AEE9-4401-892F-1281AD71C008}.Release|x86.Build.0 = Release|x86
		{F694E9B7-AEE9-4401-892F-1281AD71C008}.Release|x86.Deploy.0 = Release|x86
	EndGlobalSection
	GlobalSection(SolutionProperties) = preSolution
		HideSolutionNode = FALSE
	EndGlobalSection
EndGlobal
